
Microsoft Visual Studio Solution File, Format Version 12.00
# Visual Studio Version 17
VisualStudioVersion = 17.14.36518.9 d17.14
MinimumVisualStudioVersion = 10.0.40219.1
Project("{FAE04EC0-301F-11D3-BF4B-00C04F79EFBC}") = "EnquiryTests", "EnquiryTests.csproj", "{DEEB8522-FB5D-437D-B4B6-7DE40B35174C}"
EndProject
Global
	GlobalSection(SolutionConfigurationPlatforms) = preSolution
		Debug|Any CPU = Debug|Any CPU
		Release|Any CPU = Release|Any CPU
	EndGlobalSection
	GlobalSection(ProjectConfigurationPlatforms) = postSolution
		{DEEB8522-FB5D-437D-B4B6-7DE40B35174C}.Debug|Any CPU.ActiveCfg = Debug|Any CPU
		{DEEB8522-FB5D-437D-B4B6-7DE40B35174C}.Debug|Any CPU.Build.0 = Debug|Any CPU
		{DEEB8522-FB5D-437D-B4B6-7DE40B35174C}.Release|Any CPU.ActiveCfg = Release|Any CPU
		{DEEB8522-FB5D-437D-B4B6-7DE40B35174C}.Release|Any CPU.Build.0 = Release|Any CPU
	EndGlobalSection
	GlobalSection(SolutionProperties) = preSolution
		HideSolutionNode = FALSE
	EndGlobalSection
	GlobalSection(ExtensibilityGlobals) = postSolution
		SolutionGuid = {8D4D7A5A-5E2C-4FF8-8059-DED9E5AFA88C}
	EndGlobalSection
EndGlobal
