
Microsoft Visual Studio Solution File, Format Version 12.00
# Visual Studio Version 17
VisualStudioVersion = 17.14.36518.9
MinimumVisualStudioVersion = 10.0.40219.1
Project("{FAE04EC0-301F-11D3-BF4B-00C04F79EFBC}") = "Enquiry.API", "Enquiry.API.csproj", "{0DAEB5CA-621C-4458-897E-A1C13A84F35A}"
EndProject
Project("{FAE04EC0-301F-11D3-BF4B-00C04F79EFBC}") = "EnquiryTests", "..\EnquiryTests\EnquiryTests.csproj", "{301F11E6-0C74-7A69-93DB-CADFF8BED71D}"
EndProject
Global
	GlobalSection(SolutionConfigurationPlatforms) = preSolution
		Debug|Any CPU = Debug|Any CPU
		Release|Any CPU = Release|Any CPU
	EndGlobalSection
	GlobalSection(ProjectConfigurationPlatforms) = postSolution
		{0DAEB5CA-621C-4458-897E-A1C13A84F35A}.Debug|Any CPU.ActiveCfg = Debug|Any CPU
		{0DAEB5CA-621C-4458-897E-A1C13A84F35A}.Debug|Any CPU.Build.0 = Debug|Any CPU
		{0DAEB5CA-621C-4458-897E-A1C13A84F35A}.Release|Any CPU.ActiveCfg = Release|Any CPU
		{0DAEB5CA-621C-4458-897E-A1C13A84F35A}.Release|Any CPU.Build.0 = Release|Any CPU
		{301F11E6-0C74-7A69-93DB-CADFF8BED71D}.Debug|Any CPU.ActiveCfg = Debug|Any CPU
		{301F11E6-0C74-7A69-93DB-CADFF8BED71D}.Debug|Any CPU.Build.0 = Debug|Any CPU
		{301F11E6-0C74-7A69-93DB-CADFF8BED71D}.Release|Any CPU.ActiveCfg = Release|Any CPU
		{301F11E6-0C74-7A69-93DB-CADFF8BED71D}.Release|Any CPU.Build.0 = Release|Any CPU
	EndGlobalSection
	GlobalSection(SolutionProperties) = preSolution
		HideSolutionNode = FALSE
	EndGlobalSection
	GlobalSection(ExtensibilityGlobals) = postSolution
		SolutionGuid = {5C7CFA58-CCCF-4A92-8728-0F09089B080F}
	EndGlobalSection
EndGlobal
